// !$*UTF8*$!
{
	archiveVersion = 1;
	classes = {
	};
	objectVersion = 48;
	objects = {

/* Begin PBXBuildFile section */
		F54BDA6E25630EEF00C501CE /* AppDelegate.swift in Sources */ = {isa = PBXBuildFile; fileRef = F54BDA6D25630EEF00C501CE /* AppDelegate.swift */; };
		F54BDA7025630EEF00C501CE /* ViewController.swift in Sources */ = {isa = PBXBuildFile; fileRef = F54BDA6F25630EEF00C501CE /* ViewController.swift */; };
		F54BDA7325630EEF00C501CE /* Main.storyboard in Resources */ = {isa = PBXBuildFile; fileRef = F54BDA7125630EEF00C501CE /* Main.storyboard */; };
		F54BDA7525630EEF00C501CE /* Assets.xcassets in Resources */ = {isa = PBXBuildFile; fileRef = F54BDA7425630EEF00C501CE /* Assets.xcassets */; };
		F54BDA7825630EEF00C501CE /* LaunchScreen.storyboard in Resources */ = {isa = PBXBuildFile; fileRef = F54BDA7625630EEF00C501CE /* LaunchScreen.storyboard */; };
		F54BDA812563102200C501CE /* ContentModel.swift in Sources */ = {isa = PBXBuildFile; fileRef = F54BDA802563102200C501CE /* ContentModel.swift */; };
		F54BDA862563123B00C501CE /* Service.swift in Sources */ = {isa = PBXBuildFile; fileRef = F54BDA852563123B00C501CE /* Service.swift */; };
		F54BDA882563124700C501CE /* Router.swift in Sources */ = {isa = PBXBuildFile; fileRef = F54BDA872563124700C501CE /* Router.swift */; };
		F54BDA8C2563127800C501CE /* CustomError.swift in Sources */ = {isa = PBXBuildFile; fileRef = F54BDA8B2563127800C501CE /* CustomError.swift */; };
		F54BDA8E2563128600C501CE /* Result.swift in Sources */ = {isa = PBXBuildFile; fileRef = F54BDA8D2563128600C501CE /* Result.swift */; };
/* End PBXBuildFile section */

/* Begin PBXFileReference section */
		F54BDA6A25630EEF00C501CE /* Digio.app */ = {isa = PBXFileReference; explicitFileType = wrapper.application; includeInIndex = 0; path = Digio.app; sourceTree = BUILT_PRODUCTS_DIR; };
		F54BDA6D25630EEF00C501CE /* AppDelegate.swift */ = {isa = PBXFileReference; lastKnownFileType = sourcecode.swift; path = AppDelegate.swift; sourceTree = "<group>"; };
		F54BDA6F25630EEF00C501CE /* ViewController.swift */ = {isa = PBXFileReference; lastKnownFileType = sourcecode.swift; path = ViewController.swift; sourceTree = "<group>"; };
		F54BDA7225630EEF00C501CE /* Base */ = {isa = PBXFileReference; lastKnownFileType = file.storyboard; name = Base; path = Base.lproj/Main.storyboard; sourceTree = "<group>"; };
		F54BDA7425630EEF00C501CE /* Assets.xcassets */ = {isa = PBXFileReference; lastKnownFileType = folder.assetcatalog; path = Assets.xcassets; sourceTree = "<group>"; };
		F54BDA7725630EEF00C501CE /* Base */ = {isa = PBXFileReference; lastKnownFileType = file.storyboard; name = Base; path = Base.lproj/LaunchScreen.storyboard; sourceTree = "<group>"; };
		F54BDA7925630EEF00C501CE /* Info.plist */ = {isa = PBXFileReference; lastKnownFileType = text.plist.xml; path = Info.plist; sourceTree = "<group>"; };
		F54BDA802563102200C501CE /* ContentModel.swift */ = {isa = PBXFileReference; lastKnownFileType = sourcecode.swift; path = ContentModel.swift; sourceTree = "<group>"; };
		F54BDA852563123B00C501CE /* Service.swift */ = {isa = PBXFileReference; lastKnownFileType = sourcecode.swift; path = Service.swift; sourceTree = "<group>"; };
		F54BDA872563124700C501CE /* Router.swift */ = {isa = PBXFileReference; lastKnownFileType = sourcecode.swift; path = Router.swift; sourceTree = "<group>"; };
		F54BDA8B2563127800C501CE /* CustomError.swift */ = {isa = PBXFileReference; lastKnownFileType = sourcecode.swift; path = CustomError.swift; sourceTree = "<group>"; };
		F54BDA8D2563128600C501CE /* Result.swift */ = {isa = PBXFileReference; lastKnownFileType = sourcecode.swift; path = Result.swift; sourceTree = "<group>"; };
/* End PBXFileReference section */

/* Begin PBXFrameworksBuildPhase section */
		F54BDA6725630EEF00C501CE /* Frameworks */ = {
			isa = PBXFrameworksBuildPhase;
			buildActionMask = 2147483647;
			files = (
			);
			runOnlyForDeploymentPostprocessing = 0;
		};
/* End PBXFrameworksBuildPhase section */

/* Begin PBXGroup section */
		F54BDA6125630EEF00C501CE = {
			isa = PBXGroup;
			children = (
				F54BDA6C25630EEF00C501CE /* Digio */,
				F54BDA6B25630EEF00C501CE /* Products */,
			);
			sourceTree = "<group>";
		};
		F54BDA6B25630EEF00C501CE /* Products */ = {
			isa = PBXGroup;
			children = (
				F54BDA6A25630EEF00C501CE /* Digio.app */,
			);
			name = Products;
			sourceTree = "<group>";
		};
		F54BDA6C25630EEF00C501CE /* Digio */ = {
			isa = PBXGroup;
			children = (
				F54BDA822563120700C501CE /* Network */,
				F54BDA7F25630F3000C501CE /* Model */,
				F54BDA6D25630EEF00C501CE /* AppDelegate.swift */,
				F54BDA6F25630EEF00C501CE /* ViewController.swift */,
				F54BDA7125630EEF00C501CE /* Main.storyboard */,
				F54BDA7425630EEF00C501CE /* Assets.xcassets */,
				F54BDA7625630EEF00C501CE /* LaunchScreen.storyboard */,
				F54BDA7925630EEF00C501CE /* Info.plist */,
			);
			path = Digio;
			sourceTree = "<group>";
		};
		F54BDA7F25630F3000C501CE /* Model */ = {
			isa = PBXGroup;
			children = (
				F54BDA802563102200C501CE /* ContentModel.swift */,
			);
			path = Model;
			sourceTree = "<group>";
		};
		F54BDA822563120700C501CE /* Network */ = {
			isa = PBXGroup;
			children = (
				F54BDA852563123B00C501CE /* Service.swift */,
				F54BDA872563124700C501CE /* Router.swift */,
				F54BDA8B2563127800C501CE /* CustomError.swift */,
				F54BDA8D2563128600C501CE /* Result.swift */,
			);
			path = Network;
			sourceTree = "<group>";
		};
/* End PBXGroup section */

/* Begin PBXNativeTarget section */
		F54BDA6925630EEF00C501CE /* Digio */ = {
			isa = PBXNativeTarget;
			buildConfigurationList = F54BDA7C25630EEF00C501CE /* Build configuration list for PBXNativeTarget "Digio" */;
			buildPhases = (
				F54BDA6625630EEF00C501CE /* Sources */,
				F54BDA6725630EEF00C501CE /* Frameworks */,
				F54BDA6825630EEF00C501CE /* Resources */,
			);
			buildRules = (
			);
			dependencies = (
			);
			name = Digio;
			productName = Digio;
			productReference = F54BDA6A25630EEF00C501CE /* Digio.app */;
			productType = "com.apple.product-type.application";
		};
/* End PBXNativeTarget section */

/* Begin PBXProject section */
		F54BDA6225630EEF00C501CE /* Project object */ = {
			isa = PBXProject;
			attributes = {
				LastSwiftUpdateCheck = 0910;
				LastUpgradeCheck = 0910;
				ORGANIZATIONNAME = "Martha Salomão de Moraes";
				TargetAttributes = {
					F54BDA6925630EEF00C501CE = {
						CreatedOnToolsVersion = 9.1;
						ProvisioningStyle = Automatic;
					};
				};
			};
			buildConfigurationList = F54BDA6525630EEF00C501CE /* Build configuration list for PBXProject "Digio" */;
			compatibilityVersion = "Xcode 8.0";
			developmentRegion = en;
			hasScannedForEncodings = 0;
			knownRegions = (
				en,
				Base,
			);
			mainGroup = F54BDA6125630EEF00C501CE;
			productRefGroup = F54BDA6B25630EEF00C501CE /* Products */;
			projectDirPath = "";
			projectRoot = "";
			targets = (
				F54BDA6925630EEF00C501CE /* Digio */,
			);
		};
/* End PBXProject section */

/* Begin PBXResourcesBuildPhase section */
		F54BDA6825630EEF00C501CE /* Resources */ = {
			isa = PBXResourcesBuildPhase;
			buildActionMask = 2147483647;
			files = (
				F54BDA7825630EEF00C501CE /* LaunchScreen.storyboard in Resources */,
				F54BDA7525630EEF00C501CE /* Assets.xcassets in Resources */,
				F54BDA7325630EEF00C501CE /* Main.storyboard in Resources */,
			);
			runOnlyForDeploymentPostprocessing = 0;
		};
/* End PBXResourcesBuildPhase section */

/* Begin PBXSourcesBuildPhase section */
		F54BDA6625630EEF00C501CE /* Sources */ = {
			isa = PBXSourcesBuildPhase;
			buildActionMask = 2147483647;
			files = (
				F54BDA7025630EEF00C501CE /* ViewController.swift in Sources */,
				F54BDA862563123B00C501CE /* Service.swift in Sources */,
				F54BDA882563124700C501CE /* Router.swift in Sources */,
				F54BDA812563102200C501CE /* ContentModel.swift in Sources */,
				F54BDA8E2563128600C501CE /* Result.swift in Sources */,
				F54BDA6E25630EEF00C501CE /* AppDelegate.swift in Sources */,
				F54BDA8C2563127800C501CE /* CustomError.swift in Sources */,
			);
			runOnlyForDeploymentPostprocessing = 0;
		};
/* End PBXSourcesBuildPhase section */

/* Begin PBXVariantGroup section */
		F54BDA7125630EEF00C501CE /* Main.storyboard */ = {
			isa = PBXVariantGroup;
			children = (
				F54BDA7225630EEF00C501CE /* Base */,
			);
			name = Main.storyboard;
			sourceTree = "<group>";
		};
		F54BDA7625630EEF00C501CE /* LaunchScreen.storyboard */ = {
			isa = PBXVariantGroup;
			children = (
				F54BDA7725630EEF00C501CE /* Base */,
			);
			name = LaunchScreen.storyboard;
			sourceTree = "<group>";
		};
/* End PBXVariantGroup section */

/* Begin XCBuildConfiguration section */
		F54BDA7A25630EEF00C501CE /* Debug */ = {
			isa = XCBuildConfiguration;
			buildSettings = {
				ALWAYS_SEARCH_USER_PATHS = NO;
				CLANG_ANALYZER_NONNULL = YES;
				CLANG_ANALYZER_NUMBER_OBJECT_CONVERSION = YES_AGGRESSIVE;
				CLANG_CXX_LANGUAGE_STANDARD = "gnu++14";
				CLANG_CXX_LIBRARY = "libc++";
				CLANG_ENABLE_MODULES = YES;
				CLANG_ENABLE_OBJC_ARC = YES;
				CLANG_WARN_BLOCK_CAPTURE_AUTORELEASING = YES;
				CLANG_WARN_BOOL_CONVERSION = YES;
				CLANG_WARN_COMMA = YES;
				CLANG_WARN_CONSTANT_CONVERSION = YES;
				CLANG_WARN_DIRECT_OBJC_ISA_USAGE = YES_ERROR;
				CLANG_WARN_DOCUMENTATION_COMMENTS = YES;
				CLANG_WARN_EMPTY_BODY = YES;
				CLANG_WARN_ENUM_CONVERSION = YES;
				CLANG_WARN_INFINITE_RECURSION = YES;
				CLANG_WARN_INT_CONVERSION = YES;
				CLANG_WARN_NON_LITERAL_NULL_CONVERSION = YES;
				CLANG_WARN_OBJC_LITERAL_CONVERSION = YES;
				CLANG_WARN_OBJC_ROOT_CLASS = YES_ERROR;
				CLANG_WARN_RANGE_LOOP_ANALYSIS = YES;
				CLANG_WARN_STRICT_PROTOTYPES = YES;
				CLANG_WARN_SUSPICIOUS_MOVE = YES;
				CLANG_WARN_UNGUARDED_AVAILABILITY = YES_AGGRESSIVE;
				CLANG_WARN_UNREACHABLE_CODE = YES;
				CLANG_WARN__DUPLICATE_METHOD_MATCH = YES;
				CODE_SIGN_IDENTITY = "iPhone Developer";
				COPY_PHASE_STRIP = NO;
				DEBUG_INFORMATION_FORMAT = dwarf;
				ENABLE_STRICT_OBJC_MSGSEND = YES;
				ENABLE_TESTABILITY = YES;
				GCC_C_LANGUAGE_STANDARD = gnu11;
				GCC_DYNAMIC_NO_PIC = NO;
				GCC_NO_COMMON_BLOCKS = YES;
				GCC_OPTIMIZATION_LEVEL = 0;
				GCC_PREPROCESSOR_DEFINITIONS = (
					"DEBUG=1",
					"$(inherited)",
				);
				GCC_WARN_64_TO_32_BIT_CONVERSION = YES;
				GCC_WARN_ABOUT_RETURN_TYPE = YES_ERROR;
				GCC_WARN_UNDECLARED_SELECTOR = YES;
				GCC_WARN_UNINITIALIZED_AUTOS = YES_AGGRESSIVE;
				GCC_WARN_UNUSED_FUNCTION = YES;
				GCC_WARN_UNUSED_VARIABLE = YES;
				IPHONEOS_DEPLOYMENT_TARGET = 11.1;
				MTL_ENABLE_DEBUG_INFO = YES;
				ONLY_ACTIVE_ARCH = YES;
				SDKROOT = iphoneos;
				SWIFT_ACTIVE_COMPILATION_CONDITIONS = DEBUG;
				SWIFT_OPTIMIZATION_LEVEL = "-Onone";
			};
			name = Debug;
		};
		F54BDA7B25630EEF00C501CE /* Release */ = {
			isa = XCBuildConfiguration;
			buildSettings = {
				ALWAYS_SEARCH_USER_PATHS = NO;
				CLANG_ANALYZER_NONNULL = YES;
				CLANG_ANALYZER_NUMBER_OBJECT_CONVERSION = YES_AGGRESSIVE;
				CLANG_CXX_LANGUAGE_STANDARD = "gnu++14";
				CLANG_CXX_LIBRARY = "libc++";
				CLANG_ENABLE_MODULES = YES;
				CLANG_ENABLE_OBJC_ARC = YES;
				CLANG_WARN_BLOCK_CAPTURE_AUTORELEASING = YES;
				CLANG_WARN_BOOL_CONVERSION = YES;
				CLANG_WARN_COMMA = YES;
				CLANG_WARN_CONSTANT_CONVERSION = YES;
				CLANG_WARN_DIRECT_OBJC_ISA_USAGE = YES_ERROR;
				CLANG_WARN_DOCUMENTATION_COMMENTS = YES;
				CLANG_WARN_EMPTY_BODY = YES;
				CLANG_WARN_ENUM_CONVERSION = YES;
				CLANG_WARN_INFINITE_RECURSION = YES;
				CLANG_WARN_INT_CONVERSION = YES;
				CLANG_WARN_NON_LITERAL_NULL_CONVERSION = YES;
				CLANG_WARN_OBJC_LITERAL_CONVERSION = YES;
				CLANG_WARN_OBJC_ROOT_CLASS = YES_ERROR;
				CLANG_WARN_RANGE_LOOP_ANALYSIS = YES;
				CLANG_WARN_STRICT_PROTOTYPES = YES;
				CLANG_WARN_SUSPICIOUS_MOVE = YES;
				CLANG_WARN_UNGUARDED_AVAILABILITY = YES_AGGRESSIVE;
				CLANG_WARN_UNREACHABLE_CODE = YES;
				CLANG_WARN__DUPLICATE_METHOD_MATCH = YES;
				CODE_SIGN_IDENTITY = "iPhone Developer";
				COPY_PHASE_STRIP = NO;
				DEBUG_INFORMATION_FORMAT = "dwarf-with-dsym";
				ENABLE_NS_ASSERTIONS = NO;
				ENABLE_STRICT_OBJC_MSGSEND = YES;
				GCC_C_LANGUAGE_STANDARD = gnu11;
				GCC_NO_COMMON_BLOCKS = YES;
				GCC_WARN_64_TO_32_BIT_CONVERSION = YES;
				GCC_WARN_ABOUT_RETURN_TYPE = YES_ERROR;
				GCC_WARN_UNDECLARED_SELECTOR = YES;
				GCC_WARN_UNINITIALIZED_AUTOS = YES_AGGRESSIVE;
				GCC_WARN_UNUSED_FUNCTION = YES;
				GCC_WARN_UNUSED_VARIABLE = YES;
				IPHONEOS_DEPLOYMENT_TARGET = 11.1;
				MTL_ENABLE_DEBUG_INFO = NO;
				SDKROOT = iphoneos;
				SWIFT_OPTIMIZATION_LEVEL = "-Owholemodule";
				VALIDATE_PRODUCT = YES;
			};
			name = Release;
		};
		F54BDA7D25630EEF00C501CE /* Debug */ = {
			isa = XCBuildConfiguration;
			buildSettings = {
				ASSETCATALOG_COMPILER_APPICON_NAME = AppIcon;
				CODE_SIGN_STYLE = Automatic;
				INFOPLIST_FILE = Digio/Info.plist;
				LD_RUNPATH_SEARCH_PATHS = "$(inherited) @executable_path/Frameworks";
				PRODUCT_BUNDLE_IDENTIFIER = com.marthasalomaodemoraes.Digio;
				PRODUCT_NAME = "$(TARGET_NAME)";
				SWIFT_VERSION = 4.0;
				TARGETED_DEVICE_FAMILY = "1,2";
			};
			name = Debug;
		};
		F54BDA7E25630EEF00C501CE /* Release */ = {
			isa = XCBuildConfiguration;
			buildSettings = {
				ASSETCATALOG_COMPILER_APPICON_NAME = AppIcon;
				CODE_SIGN_STYLE = Automatic;
				INFOPLIST_FILE = Digio/Info.plist;
				LD_RUNPATH_SEARCH_PATHS = "$(inherited) @executable_path/Frameworks";
				PRODUCT_BUNDLE_IDENTIFIER = com.marthasalomaodemoraes.Digio;
				PRODUCT_NAME = "$(TARGET_NAME)";
				SWIFT_VERSION = 4.0;
				TARGETED_DEVICE_FAMILY = "1,2";
			};
			name = Release;
		};
/* End XCBuildConfiguration section */

/* Begin XCConfigurationList section */
		F54BDA6525630EEF00C501CE /* Build configuration list for PBXProject "Digio" */ = {
			isa = XCConfigurationList;
			buildConfigurations = (
				F54BDA7A25630EEF00C501CE /* Debug */,
				F54BDA7B25630EEF00C501CE /* Release */,
			);
			defaultConfigurationIsVisible = 0;
			defaultConfigurationName = Release;
		};
		F54BDA7C25630EEF00C501CE /* Build configuration list for PBXNativeTarget "Digio" */ = {
			isa = XCConfigurationList;
			buildConfigurations = (
				F54BDA7D25630EEF00C501CE /* Debug */,
				F54BDA7E25630EEF00C501CE /* Release */,
			);
			defaultConfigurationIsVisible = 0;
			defaultConfigurationName = Release;
		};
/* End XCConfigurationList section */
	};
	rootObject = F54BDA6225630EEF00C501CE /* Project object */;
}
